{
  "nodes": {
    "flake-utils": {
      "inputs": {
        "systems": "systems"
      },
      "locked": {
        "lastModified": 1685518550,
        "narHash": "sha256-o2d0KcvaXzTrPRIo0kOLV0/QXHhDQ5DTi+OxcjO8xqY=",
        "owner": "numtide",
        "repo": "flake-utils",
        "rev": "a1720a10a6cfe8234c0e93907ffe81be440f4cef",
        "type": "github"
      },
      "original": {
        "owner": "numtide",
        "repo": "flake-utils",
        "type": "github"
      }
    },
    "nixpkgs-23-05": {
      "locked": {
        "lastModified": 1686936839,
        "narHash": "sha256-avPSerW+nL0uHlTr4GyZiOVnRUdtY1/aCgfkc0c9VNw=",
        "owner": "NixOS",
        "repo": "nixpkgs",
        "rev": "214fde4cb44f66c53666c19f677be54367146f64",
        "type": "github"
      },
      "original": {
        "owner": "NixOS",
        "ref": "release-23.05",
        "repo": "nixpkgs",
        "type": "github"
      }
    },
    "root": {
      "inputs": {
        "flake-utils": "flake-utils",
        "nixpkgs-23-05": "nixpkgs-23-05",
        "systems": "systems_2"
      }
    },
    "systems": {
      "locked": {
        "lastModified": 1681028828,
        "narHash": "sha256-Vy1rq5AaRuLzOxct8nz4T6wlgyUR7zLU309k9mBC768=",
        "owner": "nix-systems",
        "repo": "default",
        "rev": "da67096a3b9bf56a91d16901293e51ba5b49a27e",
        "type": "github"
      },
      "original": {
        "owner": "nix-systems",
        "repo": "default",
        "type": "github"
      }
    },
    "systems_2": {
      "locked": {
        "lastModified": 1681028828,
        "narHash": "sha256-Vy1rq5AaRuLzOxct8nz4T6wlgyUR7zLU309k9mBC768=",
        "owner": "nix-systems",
        "repo": "default",
        "rev": "da67096a3b9bf56a91d16901293e51ba5b49a27e",
        "type": "github"
      },
      "original": {
        "id": "systems",
        "type": "indirect"
      }
    }
  },
  "root": "root",
  "version": 7
}
